
Microsoft Visual Studio Solution File, Format Version 12.00
# Visual Studio 15
VisualStudioVersion = 15.0.28307.168
MinimumVisualStudioVersion = 10.0.40219.1
Project("{FAE04EC0-301F-11D3-BF4B-00C04F79EFBC}") = "LogisticsCRUD", "LogisticsCRUD\LogisticsCRUD.csproj", "{A644CF1E-D8C7-48F4-AF74-D339179DF4E3}"
EndProject
Project("{FAE04EC0-301F-11D3-BF4B-00C04F79EFBC}") = "LogisticsCRUD.Infrastructure", "LogisticsCRUD.DAL\LogisticsCRUD.Infrastructure.csproj", "{863F45BB-C213-4E4F-81F0-2B40D1FFD6C1}"
EndProject
Project("{FAE04EC0-301F-11D3-BF4B-00C04F79EFBC}") = "LogisticsCRUD.Domain", "LogisticsCRUD.Domain\LogisticsCRUD.Domain.csproj", "{8CF5C003-4301-4074-9908-8CC694837A5B}"
EndProject
Global
	GlobalSection(SolutionConfigurationPlatforms) = preSolution
		Debug|Any CPU = Debug|Any CPU
		Release|Any CPU = Release|Any CPU
	EndGlobalSection
	GlobalSection(ProjectConfigurationPlatforms) = postSolution
		{A644CF1E-D8C7-48F4-AF74-D339179DF4E3}.Debug|Any CPU.ActiveCfg = Debug|Any CPU
		{A644CF1E-D8C7-48F4-AF74-D339179DF4E3}.Debug|Any CPU.Build.0 = Debug|Any CPU
		{A644CF1E-D8C7-48F4-AF74-D339179DF4E3}.Release|Any CPU.ActiveCfg = Release|Any CPU
		{A644CF1E-D8C7-48F4-AF74-D339179DF4E3}.Release|Any CPU.Build.0 = Release|Any CPU
		{863F45BB-C213-4E4F-81F0-2B40D1FFD6C1}.Debug|Any CPU.ActiveCfg = Debug|Any CPU
		{863F45BB-C213-4E4F-81F0-2B40D1FFD6C1}.Debug|Any CPU.Build.0 = Debug|Any CPU
		{863F45BB-C213-4E4F-81F0-2B40D1FFD6C1}.Release|Any CPU.ActiveCfg = Release|Any CPU
		{863F45BB-C213-4E4F-81F0-2B40D1FFD6C1}.Release|Any CPU.Build.0 = Release|Any CPU
		{8CF5C003-4301-4074-9908-8CC694837A5B}.Debug|Any CPU.ActiveCfg = Debug|Any CPU
		{8CF5C003-4301-4074-9908-8CC694837A5B}.Debug|Any CPU.Build.0 = Debug|Any CPU
		{8CF5C003-4301-4074-9908-8CC694837A5B}.Release|Any CPU.ActiveCfg = Release|Any CPU
		{8CF5C003-4301-4074-9908-8CC694837A5B}.Release|Any CPU.Build.0 = Release|Any CPU
	EndGlobalSection
	GlobalSection(SolutionProperties) = preSolution
		HideSolutionNode = FALSE
	EndGlobalSection
	GlobalSection(ExtensibilityGlobals) = postSolution
		SolutionGuid = {885DAD9D-F779-443A-B944-01173E81DEA7}
	EndGlobalSection
EndGlobal
